
Microsoft Visual Studio Solution File, Format Version 11.00
# Visual Studio 2010
Project("{8BC9CEB8-8B4A-11D0-8D11-00A0C91BC942}") = "vs2010", "vs2010\vs2010.vcxproj", "{BBEEB827-B203-420F-8E30-FB3A3C9879CD}"
EndProject
Global
	GlobalSection(SolutionConfigurationPlatforms) = preSolution
		Debug|Win32 = Debug|Win32
		Release|Win32 = Release|Win32
	EndGlobalSection
	GlobalSection(ProjectConfigurationPlatforms) = postSolution
		{BBEEB827-B203-420F-8E30-FB3A3C9879CD}.Debug|Win32.ActiveCfg = Debug|Win32
		{BBEEB827-B203-420F-8E30-FB3A3C9879CD}.Debug|Win32.Build.0 = Debug|Win32
		{BBEEB827-B203-420F-8E30-FB3A3C9879CD}.Release|Win32.ActiveCfg = Release|Win32
		{BBEEB827-B203-420F-8E30-FB3A3C9879CD}.Release|Win32.Build.0 = Release|Win32
	EndGlobalSection
	GlobalSection(SolutionProperties) = preSolution
		HideSolutionNode = FALSE
	EndGlobalSection
EndGlobal
